// !$*UTF8*$!
{
	archiveVersion = 1;
	classes = {
	};
	objectVersion = 46;
	objects = {

/* Begin PBXBuildFile section */
		420BC58B19FEA50900AAF987 /* Cookie.m in Sources */ = {isa = PBXBuildFile; fileRef = 420BC58A19FEA50900AAF987 /* Cookie.m */; };
		420BC58E19FEA6BF00AAF987 /* Level.m in Sources */ = {isa = PBXBuildFile; fileRef = 420BC58D19FEA6BF00AAF987 /* Level.m */; };
		425B747B19FE9DA700D19B20 /* main.m in Sources */ = {isa = PBXBuildFile; fileRef = 425B747A19FE9DA700D19B20 /* main.m */; };
		425B747E19FE9DA700D19B20 /* AppDelegate.m in Sources */ = {isa = PBXBuildFile; fileRef = 425B747D19FE9DA700D19B20 /* AppDelegate.m */; };
		425B748119FE9DA700D19B20 /* GameScene.m in Sources */ = {isa = PBXBuildFile; fileRef = 425B748019FE9DA700D19B20 /* GameScene.m */; };
		425B748619FE9DA700D19B20 /* GameViewController.m in Sources */ = {isa = PBXBuildFile; fileRef = 425B748519FE9DA700D19B20 /* GameViewController.m */; };
		425B748919FE9DA700D19B20 /* Main.storyboard in Resources */ = {isa = PBXBuildFile; fileRef = 425B748719FE9DA700D19B20 /* Main.storyboard */; };
		425B748B19FE9DA700D19B20 /* Images.xcassets in Resources */ = {isa = PBXBuildFile; fileRef = 425B748A19FE9DA700D19B20 /* Images.xcassets */; };
		425B748E19FE9DA700D19B20 /* LaunchScreen.xib in Resources */ = {isa = PBXBuildFile; fileRef = 425B748C19FE9DA700D19B20 /* LaunchScreen.xib */; };
		425B749A19FE9DA800D19B20 /* CookieCrunchTests.m in Sources */ = {isa = PBXBuildFile; fileRef = 425B749919FE9DA800D19B20 /* CookieCrunchTests.m */; };
		425B74A419FE9DD800D19B20 /* Sprites.atlas in Resources */ = {isa = PBXBuildFile; fileRef = 425B74A319FE9DD800D19B20 /* Sprites.atlas */; };
		426D26BC19FF4FA5009A7B2A /* Level_0.json in Resources */ = {isa = PBXBuildFile; fileRef = 426D26B719FF4FA5009A7B2A /* Level_0.json */; };
		426D26BD19FF4FA5009A7B2A /* Level_1.json in Resources */ = {isa = PBXBuildFile; fileRef = 426D26B819FF4FA5009A7B2A /* Level_1.json */; };
		426D26BE19FF4FA5009A7B2A /* Level_2.json in Resources */ = {isa = PBXBuildFile; fileRef = 426D26B919FF4FA5009A7B2A /* Level_2.json */; };
		426D26BF19FF4FA5009A7B2A /* Level_3.json in Resources */ = {isa = PBXBuildFile; fileRef = 426D26BA19FF4FA5009A7B2A /* Level_3.json */; };
		426D26C019FF4FA5009A7B2A /* Level_4.json in Resources */ = {isa = PBXBuildFile; fileRef = 426D26BB19FF4FA5009A7B2A /* Level_4.json */; };
		426D26C319FF4FD3009A7B2A /* Tile.m in Sources */ = {isa = PBXBuildFile; fileRef = 426D26C219FF4FD3009A7B2A /* Tile.m */; };
		426D26C619FF6EB4009A7B2A /* Swap.m in Sources */ = {isa = PBXBuildFile; fileRef = 426D26C519FF6EB4009A7B2A /* Swap.m */; };
		427E247519FF7B7B00DBE61E /* Chomp.wav in Resources */ = {isa = PBXBuildFile; fileRef = 427E246F19FF7B7B00DBE61E /* Chomp.wav */; };
		427E247619FF7B7B00DBE61E /* Drip.wav in Resources */ = {isa = PBXBuildFile; fileRef = 427E247019FF7B7B00DBE61E /* Drip.wav */; };
		427E247719FF7B7B00DBE61E /* Error.wav in Resources */ = {isa = PBXBuildFile; fileRef = 427E247119FF7B7B00DBE61E /* Error.wav */; };
		427E247819FF7B7B00DBE61E /* Ka-Ching.wav in Resources */ = {isa = PBXBuildFile; fileRef = 427E247219FF7B7B00DBE61E /* Ka-Ching.wav */; };
		427E247919FF7B7B00DBE61E /* Mining by Moonlight.mp3 in Resources */ = {isa = PBXBuildFile; fileRef = 427E247319FF7B7B00DBE61E /* Mining by Moonlight.mp3 */; };
		427E247A19FF7B7B00DBE61E /* Scrape.wav in Resources */ = {isa = PBXBuildFile; fileRef = 427E247419FF7B7B00DBE61E /* Scrape.wav */; };
/* End PBXBuildFile section */

/* Begin PBXContainerItemProxy section */
		425B749419FE9DA800D19B20 /* PBXContainerItemProxy */ = {
			isa = PBXContainerItemProxy;
			containerPortal = 425B746D19FE9DA700D19B20 /* Project object */;
			proxyType = 1;
			remoteGlobalIDString = 425B747419FE9DA700D19B20;
			remoteInfo = CookieCrunch;
		};
/* End PBXContainerItemProxy section */

/* Begin PBXFileReference section */
		420BC58919FEA50900AAF987 /* Cookie.h */ = {isa = PBXFileReference; fileEncoding = 4; lastKnownFileType = sourcecode.c.h; path = Cookie.h; sourceTree = "<group>"; };
		420BC58A19FEA50900AAF987 /* Cookie.m */ = {isa = PBXFileReference; fileEncoding = 4; lastKnownFileType = sourcecode.c.objc; path = Cookie.m; sourceTree = "<group>"; };
		420BC58C19FEA6BF00AAF987 /* Level.h */ = {isa = PBXFileReference; fileEncoding = 4; lastKnownFileType = sourcecode.c.h; path = Level.h; sourceTree = "<group>"; };
		420BC58D19FEA6BF00AAF987 /* Level.m */ = {isa = PBXFileReference; fileEncoding = 4; lastKnownFileType = sourcecode.c.objc; path = Level.m; sourceTree = "<group>"; };
		425B747519FE9DA700D19B20 /* CookieCrunch.app */ = {isa = PBXFileReference; explicitFileType = wrapper.application; includeInIndex = 0; path = CookieCrunch.app; sourceTree = BUILT_PRODUCTS_DIR; };
		425B747919FE9DA700D19B20 /* Info.plist */ = {isa = PBXFileReference; lastKnownFileType = text.plist.xml; path = Info.plist; sourceTree = "<group>"; };
		425B747A19FE9DA700D19B20 /* main.m */ = {isa = PBXFileReference; lastKnownFileType = sourcecode.c.objc; path = main.m; sourceTree = "<group>"; };
		425B747C19FE9DA700D19B20 /* AppDelegate.h */ = {isa = PBXFileReference; lastKnownFileType = sourcecode.c.h; path = AppDelegate.h; sourceTree = "<group>"; };
		425B747D19FE9DA700D19B20 /* AppDelegate.m */ = {isa = PBXFileReference; lastKnownFileType = sourcecode.c.objc; path = AppDelegate.m; sourceTree = "<group>"; };
		425B747F19FE9DA700D19B20 /* GameScene.h */ = {isa = PBXFileReference; lastKnownFileType = sourcecode.c.h; path = GameScene.h; sourceTree = "<group>"; };
		425B748019FE9DA700D19B20 /* GameScene.m */ = {isa = PBXFileReference; lastKnownFileType = sourcecode.c.objc; path = GameScene.m; sourceTree = "<group>"; };
		425B748419FE9DA700D19B20 /* GameViewController.h */ = {isa = PBXFileReference; lastKnownFileType = sourcecode.c.h; path = GameViewController.h; sourceTree = "<group>"; };
		425B748519FE9DA700D19B20 /* GameViewController.m */ = {isa = PBXFileReference; lastKnownFileType = sourcecode.c.objc; path = GameViewController.m; sourceTree = "<group>"; };
		425B748819FE9DA700D19B20 /* Base */ = {isa = PBXFileReference; lastKnownFileType = file.storyboard; name = Base; path = Base.lproj/Main.storyboard; sourceTree = "<group>"; };
		425B748A19FE9DA700D19B20 /* Images.xcassets */ = {isa = PBXFileReference; lastKnownFileType = folder.assetcatalog; path = Images.xcassets; sourceTree = "<group>"; };
		425B748D19FE9DA700D19B20 /* Base */ = {isa = PBXFileReference; lastKnownFileType = file.xib; name = Base; path = Base.lproj/LaunchScreen.xib; sourceTree = "<group>"; };
		425B749319FE9DA800D19B20 /* CookieCrunchTests.xctest */ = {isa = PBXFileReference; explicitFileType = wrapper.cfbundle; includeInIndex = 0; path = CookieCrunchTests.xctest; sourceTree = BUILT_PRODUCTS_DIR; };
		425B749819FE9DA800D19B20 /* Info.plist */ = {isa = PBXFileReference; lastKnownFileType = text.plist.xml; path = Info.plist; sourceTree = "<group>"; };
		425B749919FE9DA800D19B20 /* CookieCrunchTests.m */ = {isa = PBXFileReference; lastKnownFileType = sourcecode.c.objc; path = CookieCrunchTests.m; sourceTree = "<group>"; };
		425B74A319FE9DD800D19B20 /* Sprites.atlas */ = {isa = PBXFileReference; lastKnownFileType = folder.skatlas; path = Sprites.atlas; sourceTree = "<group>"; };
		426D26B719FF4FA5009A7B2A /* Level_0.json */ = {isa = PBXFileReference; fileEncoding = 4; lastKnownFileType = text.json; path = Level_0.json; sourceTree = "<group>"; };
		426D26B819FF4FA5009A7B2A /* Level_1.json */ = {isa = PBXFileReference; fileEncoding = 4; lastKnownFileType = text.json; path = Level_1.json; sourceTree = "<group>"; };
		426D26B919FF4FA5009A7B2A /* Level_2.json */ = {isa = PBXFileReference; fileEncoding = 4; lastKnownFileType = text.json; path = Level_2.json; sourceTree = "<group>"; };
		426D26BA19FF4FA5009A7B2A /* Level_3.json */ = {isa = PBXFileReference; fileEncoding = 4; lastKnownFileType = text.json; path = Level_3.json; sourceTree = "<group>"; };
		426D26BB19FF4FA5009A7B2A /* Level_4.json */ = {isa = PBXFileReference; fileEncoding = 4; lastKnownFileType = text.json; path = Level_4.json; sourceTree = "<group>"; };
		426D26C119FF4FD3009A7B2A /* Tile.h */ = {isa = PBXFileReference; fileEncoding = 4; lastKnownFileType = sourcecode.c.h; name = Tile.h; path = ../Tile.h; sourceTree = "<group>"; };
		426D26C219FF4FD3009A7B2A /* Tile.m */ = {isa = PBXFileReference; fileEncoding = 4; lastKnownFileType = sourcecode.c.objc; name = Tile.m; path = ../Tile.m; sourceTree = "<group>"; };
		426D26C419FF6EB4009A7B2A /* Swap.h */ = {isa = PBXFileReference; fileEncoding = 4; lastKnownFileType = sourcecode.c.h; path = Swap.h; sourceTree = "<group>"; };
		426D26C519FF6EB4009A7B2A /* Swap.m */ = {isa = PBXFileReference; fileEncoding = 4; lastKnownFileType = sourcecode.c.objc; path = Swap.m; sourceTree = "<group>"; };
		427E246F19FF7B7B00DBE61E /* Chomp.wav */ = {isa = PBXFileReference; lastKnownFileType = audio.wav; path = Chomp.wav; sourceTree = "<group>"; };
		427E247019FF7B7B00DBE61E /* Drip.wav */ = {isa = PBXFileReference; lastKnownFileType = audio.wav; path = Drip.wav; sourceTree = "<group>"; };
		427E247119FF7B7B00DBE61E /* Error.wav */ = {isa = PBXFileReference; lastKnownFileType = audio.wav; path = Error.wav; sourceTree = "<group>"; };
		427E247219FF7B7B00DBE61E /* Ka-Ching.wav */ = {isa = PBXFileReference; lastKnownFileType = audio.wav; path = "Ka-Ching.wav"; sourceTree = "<group>"; };
		427E247319FF7B7B00DBE61E /* Mining by Moonlight.mp3 */ = {isa = PBXFileReference; lastKnownFileType = audio.mp3; path = "Mining by Moonlight.mp3"; sourceTree = "<group>"; };
		427E247419FF7B7B00DBE61E /* Scrape.wav */ = {isa = PBXFileReference; lastKnownFileType = audio.wav; path = Scrape.wav; sourceTree = "<group>"; };
/* End PBXFileReference section */

/* Begin PBXFrameworksBuildPhase section */
		425B747219FE9DA700D19B20 /* Frameworks */ = {
			isa = PBXFrameworksBuildPhase;
			buildActionMask = 2147483647;
			files = (
			);
			runOnlyForDeploymentPostprocessing = 0;
		};
		425B749019FE9DA800D19B20 /* Frameworks */ = {
			isa = PBXFrameworksBuildPhase;
			buildActionMask = 2147483647;
			files = (
			);
			runOnlyForDeploymentPostprocessing = 0;
		};
/* End PBXFrameworksBuildPhase section */

/* Begin PBXGroup section */
		425B746C19FE9DA700D19B20 = {
			isa = PBXGroup;
			children = (
				425B747719FE9DA700D19B20 /* CookieCrunch */,
				425B749619FE9DA800D19B20 /* CookieCrunchTests */,
				425B747619FE9DA700D19B20 /* Products */,
			);
			sourceTree = "<group>";
		};
		425B747619FE9DA700D19B20 /* Products */ = {
			isa = PBXGroup;
			children = (
				425B747519FE9DA700D19B20 /* CookieCrunch.app */,
				425B749319FE9DA800D19B20 /* CookieCrunchTests.xctest */,
			);
			name = Products;
			sourceTree = "<group>";
		};
		425B747719FE9DA700D19B20 /* CookieCrunch */ = {
			isa = PBXGroup;
			children = (
				427E246E19FF7B7B00DBE61E /* Sounds */,
				426D26B619FF4FA5009A7B2A /* Levels */,
				425B74A319FE9DD800D19B20 /* Sprites.atlas */,
				425B747C19FE9DA700D19B20 /* AppDelegate.h */,
				425B747D19FE9DA700D19B20 /* AppDelegate.m */,
				425B747F19FE9DA700D19B20 /* GameScene.h */,
				425B748019FE9DA700D19B20 /* GameScene.m */,
				426D26C419FF6EB4009A7B2A /* Swap.h */,
				426D26C519FF6EB4009A7B2A /* Swap.m */,
				425B748419FE9DA700D19B20 /* GameViewController.h */,
				425B748519FE9DA700D19B20 /* GameViewController.m */,
				420BC58919FEA50900AAF987 /* Cookie.h */,
				420BC58A19FEA50900AAF987 /* Cookie.m */,
				420BC58C19FEA6BF00AAF987 /* Level.h */,
				420BC58D19FEA6BF00AAF987 /* Level.m */,
				426D26C119FF4FD3009A7B2A /* Tile.h */,
				426D26C219FF4FD3009A7B2A /* Tile.m */,
				425B748719FE9DA700D19B20 /* Main.storyboard */,
				425B748A19FE9DA700D19B20 /* Images.xcassets */,
				425B748C19FE9DA700D19B20 /* LaunchScreen.xib */,
				425B747819FE9DA700D19B20 /* Supporting Files */,
			);
			path = CookieCrunch;
			sourceTree = "<group>";
		};
		425B747819FE9DA700D19B20 /* Supporting Files */ = {
			isa = PBXGroup;
			children = (
				425B747919FE9DA700D19B20 /* Info.plist */,
				425B747A19FE9DA700D19B20 /* main.m */,
			);
			name = "Supporting Files";
			sourceTree = "<group>";
		};
		425B749619FE9DA800D19B20 /* CookieCrunchTests */ = {
			isa = PBXGroup;
			children = (
				425B749919FE9DA800D19B20 /* CookieCrunchTests.m */,
				425B749719FE9DA800D19B20 /* Supporting Files */,
			);
			path = CookieCrunchTests;
			sourceTree = "<group>";
		};
		425B749719FE9DA800D19B20 /* Supporting Files */ = {
			isa = PBXGroup;
			children = (
				425B749819FE9DA800D19B20 /* Info.plist */,
			);
			name = "Supporting Files";
			sourceTree = "<group>";
		};
		426D26B619FF4FA5009A7B2A /* Levels */ = {
			isa = PBXGroup;
			children = (
				426D26B719FF4FA5009A7B2A /* Level_0.json */,
				426D26B819FF4FA5009A7B2A /* Level_1.json */,
				426D26B919FF4FA5009A7B2A /* Level_2.json */,
				426D26BA19FF4FA5009A7B2A /* Level_3.json */,
				426D26BB19FF4FA5009A7B2A /* Level_4.json */,
			);
			path = Levels;
			sourceTree = "<group>";
		};
		427E246E19FF7B7B00DBE61E /* Sounds */ = {
			isa = PBXGroup;
			children = (
				427E246F19FF7B7B00DBE61E /* Chomp.wav */,
				427E247019FF7B7B00DBE61E /* Drip.wav */,
				427E247119FF7B7B00DBE61E /* Error.wav */,
				427E247219FF7B7B00DBE61E /* Ka-Ching.wav */,
				427E247319FF7B7B00DBE61E /* Mining by Moonlight.mp3 */,
				427E247419FF7B7B00DBE61E /* Scrape.wav */,
			);
			path = Sounds;
			sourceTree = "<group>";
		};
/* End PBXGroup section */

/* Begin PBXNativeTarget section */
		425B747419FE9DA700D19B20 /* CookieCrunch */ = {
			isa = PBXNativeTarget;
			buildConfigurationList = 425B749D19FE9DA800D19B20 /* Build configuration list for PBXNativeTarget "CookieCrunch" */;
			buildPhases = (
				425B747119FE9DA700D19B20 /* Sources */,
				425B747219FE9DA700D19B20 /* Frameworks */,
				425B747319FE9DA700D19B20 /* Resources */,
			);
			buildRules = (
			);
			dependencies = (
			);
			name = CookieCrunch;
			productName = CookieCrunch;
			productReference = 425B747519FE9DA700D19B20 /* CookieCrunch.app */;
			productType = "com.apple.product-type.application";
		};
		425B749219FE9DA800D19B20 /* CookieCrunchTests */ = {
			isa = PBXNativeTarget;
			buildConfigurationList = 425B74A019FE9DA800D19B20 /* Build configuration list for PBXNativeTarget "CookieCrunchTests" */;
			buildPhases = (
				425B748F19FE9DA800D19B20 /* Sources */,
				425B749019FE9DA800D19B20 /* Frameworks */,
				425B749119FE9DA800D19B20 /* Resources */,
			);
			buildRules = (
			);
			dependencies = (
				425B749519FE9DA800D19B20 /* PBXTargetDependency */,
			);
			name = CookieCrunchTests;
			productName = CookieCrunchTests;
			productReference = 425B749319FE9DA800D19B20 /* CookieCrunchTests.xctest */;
			productType = "com.apple.product-type.bundle.unit-test";
		};
/* End PBXNativeTarget section */

/* Begin PBXProject section */
		425B746D19FE9DA700D19B20 /* Project object */ = {
			isa = PBXProject;
			attributes = {
				LastUpgradeCheck = 0610;
				ORGANIZATIONNAME = CHI;
				TargetAttributes = {
					425B747419FE9DA700D19B20 = {
						CreatedOnToolsVersion = 6.1;
					};
					425B749219FE9DA800D19B20 = {
						CreatedOnToolsVersion = 6.1;
						TestTargetID = 425B747419FE9DA700D19B20;
					};
				};
			};
			buildConfigurationList = 425B747019FE9DA700D19B20 /* Build configuration list for PBXProject "CookieCrunch" */;
			compatibilityVersion = "Xcode 3.2";
			developmentRegion = English;
			hasScannedForEncodings = 0;
			knownRegions = (
				en,
				Base,
			);
			mainGroup = 425B746C19FE9DA700D19B20;
			productRefGroup = 425B747619FE9DA700D19B20 /* Products */;
			projectDirPath = "";
			projectRoot = "";
			targets = (
				425B747419FE9DA700D19B20 /* CookieCrunch */,
				425B749219FE9DA800D19B20 /* CookieCrunchTests */,
			);
		};
/* End PBXProject section */

/* Begin PBXResourcesBuildPhase section */
		425B747319FE9DA700D19B20 /* Resources */ = {
			isa = PBXResourcesBuildPhase;
			buildActionMask = 2147483647;
			files = (
				425B748E19FE9DA700D19B20 /* LaunchScreen.xib in Resources */,
				427E247619FF7B7B00DBE61E /* Drip.wav in Resources */,
				426D26C019FF4FA5009A7B2A /* Level_4.json in Resources */,
				427E247719FF7B7B00DBE61E /* Error.wav in Resources */,
				426D26BE19FF4FA5009A7B2A /* Level_2.json in Resources */,
				427E247A19FF7B7B00DBE61E /* Scrape.wav in Resources */,
				426D26BC19FF4FA5009A7B2A /* Level_0.json in Resources */,
				427E247519FF7B7B00DBE61E /* Chomp.wav in Resources */,
				427E247919FF7B7B00DBE61E /* Mining by Moonlight.mp3 in Resources */,
				425B748B19FE9DA700D19B20 /* Images.xcassets in Resources */,
				427E247819FF7B7B00DBE61E /* Ka-Ching.wav in Resources */,
				425B748919FE9DA700D19B20 /* Main.storyboard in Resources */,
				426D26BD19FF4FA5009A7B2A /* Level_1.json in Resources */,
				426D26BF19FF4FA5009A7B2A /* Level_3.json in Resources */,
				425B74A419FE9DD800D19B20 /* Sprites.atlas in Resources */,
			);
			runOnlyForDeploymentPostprocessing = 0;
		};
		425B749119FE9DA800D19B20 /* Resources */ = {
			isa = PBXResourcesBuildPhase;
			buildActionMask = 2147483647;
			files = (
			);
			runOnlyForDeploymentPostprocessing = 0;
		};
/* End PBXResourcesBuildPhase section */

/* Begin PBXSourcesBuildPhase section */
		425B747119FE9DA700D19B20 /* Sources */ = {
			isa = PBXSourcesBuildPhase;
			buildActionMask = 2147483647;
			files = (
				420BC58E19FEA6BF00AAF987 /* Level.m in Sources */,
				425B748619FE9DA700D19B20 /* GameViewController.m in Sources */,
				425B747E19FE9DA700D19B20 /* AppDelegate.m in Sources */,
				425B748119FE9DA700D19B20 /* GameScene.m in Sources */,
				426D26C619FF6EB4009A7B2A /* Swap.m in Sources */,
				425B747B19FE9DA700D19B20 /* main.m in Sources */,
				426D26C319FF4FD3009A7B2A /* Tile.m in Sources */,
				420BC58B19FEA50900AAF987 /* Cookie.m in Sources */,
			);
			runOnlyForDeploymentPostprocessing = 0;
		};
		425B748F19FE9DA800D19B20 /* Sources */ = {
			isa = PBXSourcesBuildPhase;
			buildActionMask = 2147483647;
			files = (
				425B749A19FE9DA800D19B20 /* CookieCrunchTests.m in Sources */,
			);
			runOnlyForDeploymentPostprocessing = 0;
		};
/* End PBXSourcesBuildPhase section */

/* Begin PBXTargetDependency section */
		425B749519FE9DA800D19B20 /* PBXTargetDependency */ = {
			isa = PBXTargetDependency;
			target = 425B747419FE9DA700D19B20 /* CookieCrunch */;
			targetProxy = 425B749419FE9DA800D19B20 /* PBXContainerItemProxy */;
		};
/* End PBXTargetDependency section */

/* Begin PBXVariantGroup section */
		425B748719FE9DA700D19B20 /* Main.storyboard */ = {
			isa = PBXVariantGroup;
			children = (
				425B748819FE9DA700D19B20 /* Base */,
			);
			name = Main.storyboard;
			sourceTree = "<group>";
		};
		425B748C19FE9DA700D19B20 /* LaunchScreen.xib */ = {
			isa = PBXVariantGroup;
			children = (
				425B748D19FE9DA700D19B20 /* Base */,
			);
			name = LaunchScreen.xib;
			sourceTree = "<group>";
		};
/* End PBXVariantGroup section */

/* Begin XCBuildConfiguration section */
		425B749B19FE9DA800D19B20 /* Debug */ = {
			isa = XCBuildConfiguration;
			buildSettings = {
				ALWAYS_SEARCH_USER_PATHS = NO;
				CLANG_CXX_LANGUAGE_STANDARD = "gnu++0x";
				CLANG_CXX_LIBRARY = "libc++";
				CLANG_ENABLE_MODULES = YES;
				CLANG_ENABLE_OBJC_ARC = YES;
				CLANG_WARN_BOOL_CONVERSION = YES;
				CLANG_WARN_CONSTANT_CONVERSION = YES;
				CLANG_WARN_DIRECT_OBJC_ISA_USAGE = YES_ERROR;
				CLANG_WARN_EMPTY_BODY = YES;
				CLANG_WARN_ENUM_CONVERSION = YES;
				CLANG_WARN_INT_CONVERSION = YES;
				CLANG_WARN_OBJC_ROOT_CLASS = YES_ERROR;
				CLANG_WARN_UNREACHABLE_CODE = YES;
				CLANG_WARN__DUPLICATE_METHOD_MATCH = YES;
				"CODE_SIGN_IDENTITY[sdk=iphoneos*]" = "iPhone Developer";
				COPY_PHASE_STRIP = NO;
				ENABLE_STRICT_OBJC_MSGSEND = YES;
				GCC_C_LANGUAGE_STANDARD = gnu99;
				GCC_DYNAMIC_NO_PIC = NO;
				GCC_OPTIMIZATION_LEVEL = 0;
				GCC_PREPROCESSOR_DEFINITIONS = (
					"DEBUG=1",
					"$(inherited)",
				);
				GCC_SYMBOLS_PRIVATE_EXTERN = NO;
				GCC_WARN_64_TO_32_BIT_CONVERSION = YES;
				GCC_WARN_ABOUT_RETURN_TYPE = YES_ERROR;
				GCC_WARN_UNDECLARED_SELECTOR = YES;
				GCC_WARN_UNINITIALIZED_AUTOS = YES_AGGRESSIVE;
				GCC_WARN_UNUSED_FUNCTION = YES;
				GCC_WARN_UNUSED_VARIABLE = YES;
				IPHONEOS_DEPLOYMENT_TARGET = 8.1;
				MTL_ENABLE_DEBUG_INFO = YES;
				ONLY_ACTIVE_ARCH = YES;
				SDKROOT = iphoneos;
			};
			name = Debug;
		};
		425B749C19FE9DA800D19B20 /* Release */ = {
			isa = XCBuildConfiguration;
			buildSettings = {
				ALWAYS_SEARCH_USER_PATHS = NO;
				CLANG_CXX_LANGUAGE_STANDARD = "gnu++0x";
				CLANG_CXX_LIBRARY = "libc++";
				CLANG_ENABLE_MODULES = YES;
				CLANG_ENABLE_OBJC_ARC = YES;
				CLANG_WARN_BOOL_CONVERSION = YES;
				CLANG_WARN_CONSTANT_CONVERSION = YES;
				CLANG_WARN_DIRECT_OBJC_ISA_USAGE = YES_ERROR;
				CLANG_WARN_EMPTY_BODY = YES;
				CLANG_WARN_ENUM_CONVERSION = YES;
				CLANG_WARN_INT_CONVERSION = YES;
				CLANG_WARN_OBJC_ROOT_CLASS = YES_ERROR;
				CLANG_WARN_UNREACHABLE_CODE = YES;
				CLANG_WARN__DUPLICATE_METHOD_MATCH = YES;
				"CODE_SIGN_IDENTITY[sdk=iphoneos*]" = "iPhone Developer";
				COPY_PHASE_STRIP = YES;
				ENABLE_NS_ASSERTIONS = NO;
				ENABLE_STRICT_OBJC_MSGSEND = YES;
				GCC_C_LANGUAGE_STANDARD = gnu99;
				GCC_WARN_64_TO_32_BIT_CONVERSION = YES;
				GCC_WARN_ABOUT_RETURN_TYPE = YES_ERROR;
				GCC_WARN_UNDECLARED_SELECTOR = YES;
				GCC_WARN_UNINITIALIZED_AUTOS = YES_AGGRESSIVE;
				GCC_WARN_UNUSED_FUNCTION = YES;
				GCC_WARN_UNUSED_VARIABLE = YES;
				IPHONEOS_DEPLOYMENT_TARGET = 8.1;
				MTL_ENABLE_DEBUG_INFO = NO;
				SDKROOT = iphoneos;
				VALIDATE_PRODUCT = YES;
			};
			name = Release;
		};
		425B749E19FE9DA800D19B20 /* Debug */ = {
			isa = XCBuildConfiguration;
			buildSettings = {
				ASSETCATALOG_COMPILER_APPICON_NAME = AppIcon;
				INFOPLIST_FILE = CookieCrunch/Info.plist;
				LD_RUNPATH_SEARCH_PATHS = "$(inherited) @executable_path/Frameworks";
				PRODUCT_NAME = "$(TARGET_NAME)";
			};
			name = Debug;
		};
		425B749F19FE9DA800D19B20 /* Release */ = {
			isa = XCBuildConfiguration;
			buildSettings = {
				ASSETCATALOG_COMPILER_APPICON_NAME = AppIcon;
				INFOPLIST_FILE = CookieCrunch/Info.plist;
				LD_RUNPATH_SEARCH_PATHS = "$(inherited) @executable_path/Frameworks";
				PRODUCT_NAME = "$(TARGET_NAME)";
			};
			name = Release;
		};
		425B74A119FE9DA800D19B20 /* Debug */ = {
			isa = XCBuildConfiguration;
			buildSettings = {
				BUNDLE_LOADER = "$(TEST_HOST)";
				FRAMEWORK_SEARCH_PATHS = (
					"$(SDKROOT)/Developer/Library/Frameworks",
					"$(inherited)",
				);
				GCC_PREPROCESSOR_DEFINITIONS = (
					"DEBUG=1",
					"$(inherited)",
				);
				INFOPLIST_FILE = CookieCrunchTests/Info.plist;
				LD_RUNPATH_SEARCH_PATHS = "$(inherited) @executable_path/Frameworks @loader_path/Frameworks";
				PRODUCT_NAME = "$(TARGET_NAME)";
				TEST_HOST = "$(BUILT_PRODUCTS_DIR)/CookieCrunch.app/CookieCrunch";
			};
			name = Debug;
		};
		425B74A219FE9DA800D19B20 /* Release */ = {
			isa = XCBuildConfiguration;
			buildSettings = {
				BUNDLE_LOADER = "$(TEST_HOST)";
				FRAMEWORK_SEARCH_PATHS = (
					"$(SDKROOT)/Developer/Library/Frameworks",
					"$(inherited)",
				);
				INFOPLIST_FILE = CookieCrunchTests/Info.plist;
				LD_RUNPATH_SEARCH_PATHS = "$(inherited) @executable_path/Frameworks @loader_path/Frameworks";
				PRODUCT_NAME = "$(TARGET_NAME)";
				TEST_HOST = "$(BUILT_PRODUCTS_DIR)/CookieCrunch.app/CookieCrunch";
			};
			name = Release;
		};
/* End XCBuildConfiguration section */

/* Begin XCConfigurationList section */
		425B747019FE9DA700D19B20 /* Build configuration list for PBXProject "CookieCrunch" */ = {
			isa = XCConfigurationList;
			buildConfigurations = (
				425B749B19FE9DA800D19B20 /* Debug */,
				425B749C19FE9DA800D19B20 /* Release */,
			);
			defaultConfigurationIsVisible = 0;
			defaultConfigurationName = Release;
		};
		425B749D19FE9DA800D19B20 /* Build configuration list for PBXNativeTarget "CookieCrunch" */ = {
			isa = XCConfigurationList;
			buildConfigurations = (
				425B749E19FE9DA800D19B20 /* Debug */,
				425B749F19FE9DA800D19B20 /* Release */,
			);
			defaultConfigurationIsVisible = 0;
			defaultConfigurationName = Release;
		};
		425B74A019FE9DA800D19B20 /* Build configuration list for PBXNativeTarget "CookieCrunchTests" */ = {
			isa = XCConfigurationList;
			buildConfigurations = (
				425B74A119FE9DA800D19B20 /* Debug */,
				425B74A219FE9DA800D19B20 /* Release */,
			);
			defaultConfigurationIsVisible = 0;
			defaultConfigurationName = Release;
		};
/* End XCConfigurationList section */
	};
	rootObject = 425B746D19FE9DA700D19B20 /* Project object */;
}
